{
  "version": 4,
  "terraform_version": "0.13.5",
  "serial": 602,
  "lineage": "8407af93-a2f3-7c07-5cc2-f610d800f33b",
  "outputs": {
    "name": {
      "value": {
        "ids": [
          "subnet-03de1b017aa34a0b9",
          "subnet-08aa025651f60a210",
          "subnet-0b4e50e8c38eef80b",
          "subnet-02849d9fab0a35b29",
          "subnet-0ee038f48f5087395",
          "subnet-018fbfd943505faed"
        ]
      },
      "type": [
        "object",
        {
          "ids": [
            "tuple",
            [
              "string",
              "string",
              "string",
              "string",
              "string",
              "string"
            ]
          ]
        }
      ]
    }
  },
  "resources": [
    {
      "mode": "data",
      "type": "aws_ami_ids",
      "name": "ubuntu",
      "provider": "provider[\"registry.terraform.io/hashicorp/aws\"]",
      "instances": [
        {
          "schema_version": 0,
          "attributes": {
            "executable_users": null,
            "filter": [
              {
                "name": "name",
                "values": [
                  "ubuntu/images/ubuntu-*-*-amd64-server-*"
                ]
              }
            ],
            "id": "3166353352",
            "ids": [],
            "name_regex": null,
            "owners": [
              "amazon"
            ],
            "sort_ascending": false
          }
        }
      ]
    },
    {
      "mode": "data",
      "type": "aws_availability_zones",
      "name": "available",
      "provider": "provider[\"registry.terraform.io/hashicorp/aws\"]",
      "instances": [
        {
          "schema_version": 0,
          "attributes": {
            "all_availability_zones": null,
            "exclude_names": null,
            "exclude_zone_ids": null,
            "filter": null,
            "group_names": [
              "us-east-1"
            ],
            "id": "us-east-1",
            "names": [
              "us-east-1a",
              "us-east-1b",
              "us-east-1c",
              "us-east-1d",
              "us-east-1e",
              "us-east-1f"
            ],
            "state": null,
            "zone_ids": [
              "use1-az1",
              "use1-az2",
              "use1-az4",
              "use1-az6",
              "use1-az3",
              "use1-az5"
            ]
          }
        }
      ]
    },
    {
      "mode": "managed",
      "type": "aws_security_group",
      "name": "asg_security_group",
      "provider": "provider[\"registry.terraform.io/hashicorp/aws\"]",
      "instances": [
        {
          "schema_version": 1,
          "attributes": {
            "arn": "arn:aws:ec2:us-east-1:534277139277:security-group/sg-080506b30632e94a1",
            "description": "Allow traffic only from elastic load balancer",
            "egress": [],
            "id": "sg-080506b30632e94a1",
            "ingress": [
              {
                "cidr_blocks": [
                  "192.168.0.0/16"
                ],
                "description": "TLS from VPC",
                "from_port": 443,
                "ipv6_cidr_blocks": [],
                "prefix_list_ids": [],
                "protocol": "tcp",
                "security_groups": [],
                "self": false,
                "to_port": 443
              }
            ],
            "name": "asg_security_group",
            "name_prefix": "",
            "owner_id": "534277139277",
            "revoke_rules_on_delete": false,
            "tags": {
              "Name": "asg_security_group"
            },
            "timeouts": null,
            "vpc_id": "vpc-0a254f65fa13fded8"
          },
          "private": "eyJlMmJmYjczMC1lY2FhLTExZTYtOGY4OC0zNDM2M2JjN2M0YzAiOnsiY3JlYXRlIjo2MDAwMDAwMDAwMDAsImRlbGV0ZSI6NjAwMDAwMDAwMDAwfSwic2NoZW1hX3ZlcnNpb24iOiIxIn0=",
          "dependencies": [
            "module.aws_vpc.aws_vpc.default_vpc"
          ]
        }
      ]
    },
    {
      "mode": "managed",
      "type": "aws_security_group",
      "name": "ec2_security_group",
      "provider": "provider[\"registry.terraform.io/hashicorp/aws\"]",
      "instances": [
        {
          "schema_version": 1,
          "attributes": {
            "arn": "arn:aws:ec2:us-east-1:534277139277:security-group/sg-06554f5ef02e0ca3a",
            "description": "Allow traffic only from auto scaling group",
            "egress": [],
            "id": "sg-06554f5ef02e0ca3a",
            "ingress": [
              {
                "cidr_blocks": [
                  "192.168.0.0/16"
                ],
                "description": "TLS from VPC",
                "from_port": 443,
                "ipv6_cidr_blocks": [],
                "prefix_list_ids": [],
                "protocol": "tcp",
                "security_groups": [],
                "self": false,
                "to_port": 443
              }
            ],
            "name": "ec2_security_group",
            "name_prefix": "",
            "owner_id": "534277139277",
            "revoke_rules_on_delete": false,
            "tags": {
              "Name": "asg_security_group"
            },
            "timeouts": null,
            "vpc_id": "vpc-0a254f65fa13fded8"
          },
          "private": "eyJlMmJmYjczMC1lY2FhLTExZTYtOGY4OC0zNDM2M2JjN2M0YzAiOnsiY3JlYXRlIjo2MDAwMDAwMDAwMDAsImRlbGV0ZSI6NjAwMDAwMDAwMDAwfSwic2NoZW1hX3ZlcnNpb24iOiIxIn0=",
          "dependencies": [
            "module.aws_vpc.aws_vpc.default_vpc"
          ]
        }
      ]
    },
    {
      "mode": "managed",
      "type": "aws_security_group",
      "name": "elb_security_group",
      "provider": "provider[\"registry.terraform.io/hashicorp/aws\"]",
      "instances": [
        {
          "schema_version": 1,
          "attributes": {
            "arn": "arn:aws:ec2:us-east-1:534277139277:security-group/sg-006dfcd194523e9db",
            "description": "Allow traffic from outside the web.",
            "egress": [],
            "id": "sg-006dfcd194523e9db",
            "ingress": [
              {
                "cidr_blocks": [
                  "192.168.0.0/16"
                ],
                "description": "TLS from VPC",
                "from_port": 443,
                "ipv6_cidr_blocks": [],
                "prefix_list_ids": [],
                "protocol": "tcp",
                "security_groups": [],
                "self": false,
                "to_port": 443
              }
            ],
            "name": "elb_security_group",
            "name_prefix": "",
            "owner_id": "534277139277",
            "revoke_rules_on_delete": false,
            "tags": {
              "Name": "elb_security_group"
            },
            "timeouts": null,
            "vpc_id": "vpc-0a254f65fa13fded8"
          },
          "private": "eyJlMmJmYjczMC1lY2FhLTExZTYtOGY4OC0zNDM2M2JjN2M0YzAiOnsiY3JlYXRlIjo2MDAwMDAwMDAwMDAsImRlbGV0ZSI6NjAwMDAwMDAwMDAwfSwic2NoZW1hX3ZlcnNpb24iOiIxIn0=",
          "dependencies": [
            "module.aws_vpc.aws_vpc.default_vpc"
          ]
        }
      ]
    },
    {
      "module": "module.admin_rds",
      "mode": "managed",
      "type": "aws_db_subnet_group",
      "name": "default_db_subnet_group",
      "provider": "provider[\"registry.terraform.io/hashicorp/aws\"]",
      "instances": [
        {
          "schema_version": 0,
          "attributes": {
            "arn": "arn:aws:rds:us-east-1:534277139277:subgrp:main",
            "description": "Managed by Terraform",
            "id": "main",
            "name": "main",
            "name_prefix": null,
            "subnet_ids": [
              "subnet-063ebcde3918110f9",
              "subnet-08791ef1b441eefae",
              "subnet-08aa025651f60a210",
              "subnet-0a33dab94d908cc36",
              "subnet-0b4e50e8c38eef80b",
              "subnet-0fda32b98c571b360"
            ],
            "tags": {
              "Name": "My DB subnet group"
            }
          }
        }
      ]
    },
    {
      "module": "module.aws_vpc",
      "mode": "managed",
      "type": "aws_eip",
      "name": "elastic_ip",
      "provider": "provider[\"registry.terraform.io/hashicorp/aws\"]",
      "instances": [
        {
          "schema_version": 0,
          "attributes": {
            "allocation_id": null,
            "associate_with_private_ip": null,
            "association_id": "eipassoc-0bac142b290a32441",
            "customer_owned_ip": "",
            "customer_owned_ipv4_pool": "",
            "domain": "vpc",
            "id": "eipalloc-0e1255b7ff2ff9ab6",
            "instance": "",
            "network_border_group": "us-east-1",
            "network_interface": "eni-058fc1f42c05e8f24",
            "private_dns": "ip-192-168-1-29.ec2.internal",
            "private_ip": "192.168.1.29",
            "public_dns": "ec2-18-214-55-252.compute-1.amazonaws.com",
            "public_ip": "18.214.55.252",
            "public_ipv4_pool": "amazon",
            "tags": {},
            "timeouts": null,
            "vpc": true
          },
          "private": "eyJlMmJmYjczMC1lY2FhLTExZTYtOGY4OC0zNDM2M2JjN2M0YzAiOnsiZGVsZXRlIjoxODAwMDAwMDAwMDAsInJlYWQiOjkwMDAwMDAwMDAwMCwidXBkYXRlIjozMDAwMDAwMDAwMDB9fQ=="
        }
      ]
    },
    {
      "module": "module.aws_vpc",
      "mode": "managed",
      "type": "aws_internet_gateway",
      "name": "ig",
      "provider": "provider[\"registry.terraform.io/hashicorp/aws\"]",
      "instances": [
        {
          "schema_version": 0,
          "attributes": {
            "arn": "arn:aws:ec2:us-east-1:534277139277:internet-gateway/igw-047a91d32479cf467",
            "id": "igw-047a91d32479cf467",
            "owner_id": "534277139277",
            "tags": {
              "Name": "Internet gateway"
            },
            "vpc_id": "vpc-0a254f65fa13fded8"
          },
          "private": "bnVsbA==",
          "dependencies": [
            "module.aws_vpc.aws_vpc.default_vpc"
          ]
        }
      ]
    },
    {
      "module": "module.aws_vpc",
      "mode": "managed",
      "type": "aws_nat_gateway",
      "name": "nat_gw",
      "provider": "provider[\"registry.terraform.io/hashicorp/aws\"]",
      "instances": [
        {
          "schema_version": 0,
          "attributes": {
            "allocation_id": "eipalloc-0e1255b7ff2ff9ab6",
            "id": "nat-0378e4d3dae2ae6af",
            "network_interface_id": "eni-058fc1f42c05e8f24",
            "private_ip": "192.168.1.29",
            "public_ip": "18.214.55.252",
            "subnet_id": "subnet-03de1b017aa34a0b9",
            "tags": {
              "Name": "Nat gateway"
            }
          },
          "private": "bnVsbA==",
          "dependencies": [
            "data.aws_availability_zones.available",
            "module.aws_vpc.aws_eip.elastic_ip",
            "module.aws_vpc.aws_subnet.public_subnet",
            "module.aws_vpc.aws_vpc.default_vpc"
          ]
        }
      ]
    },
    {
      "module": "module.aws_vpc",
      "mode": "managed",
      "type": "aws_route_table",
      "name": "private_rt",
      "provider": "provider[\"registry.terraform.io/hashicorp/aws\"]",
      "instances": [
        {
          "schema_version": 0,
          "attributes": {
            "id": "rtb-01ed9ab3b9302c978",
            "owner_id": "534277139277",
            "propagating_vgws": [],
            "route": [
              {
                "cidr_block": "0.0.0.0/0",
                "egress_only_gateway_id": "",
                "gateway_id": "nat-0378e4d3dae2ae6af",
                "instance_id": "",
                "ipv6_cidr_block": "",
                "local_gateway_id": "",
                "nat_gateway_id": "",
                "network_interface_id": "",
                "transit_gateway_id": "",
                "vpc_endpoint_id": "",
                "vpc_peering_connection_id": ""
              }
            ],
            "tags": {
              "Name": "Private route table"
            },
            "vpc_id": "vpc-0a254f65fa13fded8"
          },
          "private": "bnVsbA==",
          "dependencies": [
            "module.aws_vpc.aws_nat_gateway.nat_gw",
            "module.aws_vpc.aws_vpc.default_vpc"
          ]
        }
      ]
    },
    {
      "module": "module.aws_vpc",
      "mode": "managed",
      "type": "aws_route_table",
      "name": "public_rt",
      "provider": "provider[\"registry.terraform.io/hashicorp/aws\"]",
      "instances": [
        {
          "schema_version": 0,
          "attributes": {
            "id": "rtb-06abd1b14e5e7389b",
            "owner_id": "534277139277",
            "propagating_vgws": [],
            "route": [
              {
                "cidr_block": "0.0.0.0/0",
                "egress_only_gateway_id": "",
                "gateway_id": "igw-047a91d32479cf467",
                "instance_id": "",
                "ipv6_cidr_block": "",
                "local_gateway_id": "",
                "nat_gateway_id": "",
                "network_interface_id": "",
                "transit_gateway_id": "",
                "vpc_endpoint_id": "",
                "vpc_peering_connection_id": ""
              }
            ],
            "tags": {
              "Name": "Public route table"
            },
            "vpc_id": "vpc-0a254f65fa13fded8"
          },
          "private": "bnVsbA==",
          "dependencies": [
            "module.aws_vpc.aws_internet_gateway.ig",
            "module.aws_vpc.aws_vpc.default_vpc"
          ]
        }
      ]
    },
    {
      "module": "module.aws_vpc",
      "mode": "managed",
      "type": "aws_route_table_association",
      "name": "priavet_rt_association",
      "provider": "provider[\"registry.terraform.io/hashicorp/aws\"]",
      "instances": [
        {
          "index_key": 0,
          "schema_version": 0,
          "attributes": {
            "gateway_id": null,
            "id": "rtbassoc-0abb40db484c6e359",
            "route_table_id": "rtb-01ed9ab3b9302c978",
            "subnet_id": "subnet-037cfe682fa72edf0"
          },
          "private": "bnVsbA==",
          "dependencies": [
            "data.aws_availability_zones.available",
            "module.aws_vpc.aws_eip.elastic_ip",
            "module.aws_vpc.aws_nat_gateway.nat_gw",
            "module.aws_vpc.aws_route_table.private_rt",
            "module.aws_vpc.aws_subnet.private_subnet",
            "module.aws_vpc.aws_subnet.public_subnet",
            "module.aws_vpc.aws_vpc.default_vpc"
          ]
        },
        {
          "index_key": 1,
          "schema_version": 0,
          "attributes": {
            "gateway_id": null,
            "id": "rtbassoc-0a309ef3a308294ab",
            "route_table_id": "rtb-01ed9ab3b9302c978",
            "subnet_id": "subnet-0847e3cd81c081c7f"
          },
          "private": "bnVsbA==",
          "dependencies": [
            "data.aws_availability_zones.available",
            "module.aws_vpc.aws_eip.elastic_ip",
            "module.aws_vpc.aws_nat_gateway.nat_gw",
            "module.aws_vpc.aws_route_table.private_rt",
            "module.aws_vpc.aws_subnet.private_subnet",
            "module.aws_vpc.aws_subnet.public_subnet",
            "module.aws_vpc.aws_vpc.default_vpc"
          ]
        },
        {
          "index_key": 2,
          "schema_version": 0,
          "attributes": {
            "gateway_id": null,
            "id": "rtbassoc-0245a36c829d26be1",
            "route_table_id": "rtb-01ed9ab3b9302c978",
            "subnet_id": "subnet-0e26c9f44044e072d"
          },
          "private": "bnVsbA==",
          "dependencies": [
            "data.aws_availability_zones.available",
            "module.aws_vpc.aws_eip.elastic_ip",
            "module.aws_vpc.aws_nat_gateway.nat_gw",
            "module.aws_vpc.aws_route_table.private_rt",
            "module.aws_vpc.aws_subnet.private_subnet",
            "module.aws_vpc.aws_subnet.public_subnet",
            "module.aws_vpc.aws_vpc.default_vpc"
          ]
        },
        {
          "index_key": 3,
          "schema_version": 0,
          "attributes": {
            "gateway_id": null,
            "id": "rtbassoc-0929afd9adce78024",
            "route_table_id": "rtb-01ed9ab3b9302c978",
            "subnet_id": "subnet-08811c64c6f4f6d34"
          },
          "private": "bnVsbA==",
          "dependencies": [
            "data.aws_availability_zones.available",
            "module.aws_vpc.aws_eip.elastic_ip",
            "module.aws_vpc.aws_nat_gateway.nat_gw",
            "module.aws_vpc.aws_route_table.private_rt",
            "module.aws_vpc.aws_subnet.private_subnet",
            "module.aws_vpc.aws_subnet.public_subnet",
            "module.aws_vpc.aws_vpc.default_vpc"
          ]
        },
        {
          "index_key": 4,
          "schema_version": 0,
          "attributes": {
            "gateway_id": null,
            "id": "rtbassoc-0575397c6960d65ca",
            "route_table_id": "rtb-01ed9ab3b9302c978",
            "subnet_id": "subnet-04394e0f3a7c94a94"
          },
          "private": "bnVsbA==",
          "dependencies": [
            "data.aws_availability_zones.available",
            "module.aws_vpc.aws_eip.elastic_ip",
            "module.aws_vpc.aws_nat_gateway.nat_gw",
            "module.aws_vpc.aws_route_table.private_rt",
            "module.aws_vpc.aws_subnet.private_subnet",
            "module.aws_vpc.aws_subnet.public_subnet",
            "module.aws_vpc.aws_vpc.default_vpc"
          ]
        },
        {
          "index_key": 5,
          "schema_version": 0,
          "attributes": {
            "gateway_id": null,
            "id": "rtbassoc-0cb071d2f7fa5c552",
            "route_table_id": "rtb-01ed9ab3b9302c978",
            "subnet_id": "subnet-0ca99492403da66fe"
          },
          "private": "bnVsbA==",
          "dependencies": [
            "data.aws_availability_zones.available",
            "module.aws_vpc.aws_eip.elastic_ip",
            "module.aws_vpc.aws_nat_gateway.nat_gw",
            "module.aws_vpc.aws_route_table.private_rt",
            "module.aws_vpc.aws_subnet.private_subnet",
            "module.aws_vpc.aws_subnet.public_subnet",
            "module.aws_vpc.aws_vpc.default_vpc"
          ]
        }
      ]
    },
    {
      "module": "module.aws_vpc",
      "mode": "managed",
      "type": "aws_route_table_association",
      "name": "public_rt_association",
      "provider": "provider[\"registry.terraform.io/hashicorp/aws\"]",
      "instances": [
        {
          "index_key": 0,
          "schema_version": 0,
          "attributes": {
            "gateway_id": null,
            "id": "rtbassoc-02288ed9162f49747",
            "route_table_id": "rtb-06abd1b14e5e7389b",
            "subnet_id": "subnet-03de1b017aa34a0b9"
          },
          "private": "bnVsbA==",
          "dependencies": [
            "data.aws_availability_zones.available",
            "module.aws_vpc.aws_internet_gateway.ig",
            "module.aws_vpc.aws_route_table.public_rt",
            "module.aws_vpc.aws_subnet.public_subnet",
            "module.aws_vpc.aws_vpc.default_vpc"
          ]
        },
        {
          "index_key": 1,
          "schema_version": 0,
          "attributes": {
            "gateway_id": null,
            "id": "rtbassoc-06e2672703bddbf2f",
            "route_table_id": "rtb-06abd1b14e5e7389b",
            "subnet_id": "subnet-08aa025651f60a210"
          },
          "private": "bnVsbA==",
          "dependencies": [
            "data.aws_availability_zones.available",
            "module.aws_vpc.aws_internet_gateway.ig",
            "module.aws_vpc.aws_route_table.public_rt",
            "module.aws_vpc.aws_subnet.public_subnet",
            "module.aws_vpc.aws_vpc.default_vpc"
          ]
        },
        {
          "index_key": 2,
          "schema_version": 0,
          "attributes": {
            "gateway_id": null,
            "id": "rtbassoc-01bbc97ccf65e83d3",
            "route_table_id": "rtb-06abd1b14e5e7389b",
            "subnet_id": "subnet-0b4e50e8c38eef80b"
          },
          "private": "bnVsbA==",
          "dependencies": [
            "data.aws_availability_zones.available",
            "module.aws_vpc.aws_internet_gateway.ig",
            "module.aws_vpc.aws_route_table.public_rt",
            "module.aws_vpc.aws_subnet.public_subnet",
            "module.aws_vpc.aws_vpc.default_vpc"
          ]
        },
        {
          "index_key": 3,
          "schema_version": 0,
          "attributes": {
            "gateway_id": null,
            "id": "rtbassoc-020dfa6ba6742f4c6",
            "route_table_id": "rtb-06abd1b14e5e7389b",
            "subnet_id": "subnet-02849d9fab0a35b29"
          },
          "private": "bnVsbA==",
          "dependencies": [
            "data.aws_availability_zones.available",
            "module.aws_vpc.aws_internet_gateway.ig",
            "module.aws_vpc.aws_route_table.public_rt",
            "module.aws_vpc.aws_subnet.public_subnet",
            "module.aws_vpc.aws_vpc.default_vpc"
          ]
        },
        {
          "index_key": 4,
          "schema_version": 0,
          "attributes": {
            "gateway_id": null,
            "id": "rtbassoc-0e09aad769b1d8f07",
            "route_table_id": "rtb-06abd1b14e5e7389b",
            "subnet_id": "subnet-0ee038f48f5087395"
          },
          "private": "bnVsbA==",
          "dependencies": [
            "data.aws_availability_zones.available",
            "module.aws_vpc.aws_internet_gateway.ig",
            "module.aws_vpc.aws_route_table.public_rt",
            "module.aws_vpc.aws_subnet.public_subnet",
            "module.aws_vpc.aws_vpc.default_vpc"
          ]
        },
        {
          "index_key": 5,
          "schema_version": 0,
          "attributes": {
            "gateway_id": null,
            "id": "rtbassoc-0b49c660b5ed6dba8",
            "route_table_id": "rtb-06abd1b14e5e7389b",
            "subnet_id": "subnet-018fbfd943505faed"
          },
          "private": "bnVsbA==",
          "dependencies": [
            "data.aws_availability_zones.available",
            "module.aws_vpc.aws_internet_gateway.ig",
            "module.aws_vpc.aws_route_table.public_rt",
            "module.aws_vpc.aws_subnet.public_subnet",
            "module.aws_vpc.aws_vpc.default_vpc"
          ]
        }
      ]
    },
    {
      "module": "module.aws_vpc",
      "mode": "managed",
      "type": "aws_subnet",
      "name": "private_subnet",
      "provider": "provider[\"registry.terraform.io/hashicorp/aws\"]",
      "instances": [
        {
          "index_key": 0,
          "schema_version": 1,
          "attributes": {
            "arn": "arn:aws:ec2:us-east-1:534277139277:subnet/subnet-037cfe682fa72edf0",
            "assign_ipv6_address_on_creation": false,
            "availability_zone": "us-east-1a",
            "availability_zone_id": "use1-az1",
            "cidr_block": "192.168.50.0/24",
            "id": "subnet-037cfe682fa72edf0",
            "ipv6_cidr_block": "",
            "ipv6_cidr_block_association_id": "",
            "map_public_ip_on_launch": true,
            "outpost_arn": "",
            "owner_id": "534277139277",
            "tags": {
              "Name": "Private_subnet_us-east-1a"
            },
            "timeouts": null,
            "vpc_id": "vpc-0a254f65fa13fded8"
          },
          "private": "eyJlMmJmYjczMC1lY2FhLTExZTYtOGY4OC0zNDM2M2JjN2M0YzAiOnsiY3JlYXRlIjo2MDAwMDAwMDAwMDAsImRlbGV0ZSI6MTIwMDAwMDAwMDAwMH0sInNjaGVtYV92ZXJzaW9uIjoiMSJ9",
          "dependencies": [
            "data.aws_availability_zones.available",
            "module.aws_vpc.aws_vpc.default_vpc"
          ]
        },
        {
          "index_key": 1,
          "schema_version": 1,
          "attributes": {
            "arn": "arn:aws:ec2:us-east-1:534277139277:subnet/subnet-0847e3cd81c081c7f",
            "assign_ipv6_address_on_creation": false,
            "availability_zone": "us-east-1b",
            "availability_zone_id": "use1-az2",
            "cidr_block": "192.168.51.0/24",
            "id": "subnet-0847e3cd81c081c7f",
            "ipv6_cidr_block": "",
            "ipv6_cidr_block_association_id": "",
            "map_public_ip_on_launch": true,
            "outpost_arn": "",
            "owner_id": "534277139277",
            "tags": {
              "Name": "Private_subnet_us-east-1b"
            },
            "timeouts": null,
            "vpc_id": "vpc-0a254f65fa13fded8"
          },
          "private": "eyJlMmJmYjczMC1lY2FhLTExZTYtOGY4OC0zNDM2M2JjN2M0YzAiOnsiY3JlYXRlIjo2MDAwMDAwMDAwMDAsImRlbGV0ZSI6MTIwMDAwMDAwMDAwMH0sInNjaGVtYV92ZXJzaW9uIjoiMSJ9",
          "dependencies": [
            "data.aws_availability_zones.available",
            "module.aws_vpc.aws_vpc.default_vpc"
          ]
        },
        {
          "index_key": 2,
          "schema_version": 1,
          "attributes": {
            "arn": "arn:aws:ec2:us-east-1:534277139277:subnet/subnet-0e26c9f44044e072d",
            "assign_ipv6_address_on_creation": false,
            "availability_zone": "us-east-1c",
            "availability_zone_id": "use1-az4",
            "cidr_block": "192.168.52.0/24",
            "id": "subnet-0e26c9f44044e072d",
            "ipv6_cidr_block": "",
            "ipv6_cidr_block_association_id": "",
            "map_public_ip_on_launch": true,
            "outpost_arn": "",
            "owner_id": "534277139277",
            "tags": {
              "Name": "Private_subnet_us-east-1c"
            },
            "timeouts": null,
            "vpc_id": "vpc-0a254f65fa13fded8"
          },
          "private": "eyJlMmJmYjczMC1lY2FhLTExZTYtOGY4OC0zNDM2M2JjN2M0YzAiOnsiY3JlYXRlIjo2MDAwMDAwMDAwMDAsImRlbGV0ZSI6MTIwMDAwMDAwMDAwMH0sInNjaGVtYV92ZXJzaW9uIjoiMSJ9",
          "dependencies": [
            "data.aws_availability_zones.available",
            "module.aws_vpc.aws_vpc.default_vpc"
          ]
        },
        {
          "index_key": 3,
          "schema_version": 1,
          "attributes": {
            "arn": "arn:aws:ec2:us-east-1:534277139277:subnet/subnet-08811c64c6f4f6d34",
            "assign_ipv6_address_on_creation": false,
            "availability_zone": "us-east-1d",
            "availability_zone_id": "use1-az6",
            "cidr_block": "192.168.53.0/24",
            "id": "subnet-08811c64c6f4f6d34",
            "ipv6_cidr_block": "",
            "ipv6_cidr_block_association_id": "",
            "map_public_ip_on_launch": true,
            "outpost_arn": "",
            "owner_id": "534277139277",
            "tags": {
              "Name": "Private_subnet_us-east-1d"
            },
            "timeouts": null,
            "vpc_id": "vpc-0a254f65fa13fded8"
          },
          "private": "eyJlMmJmYjczMC1lY2FhLTExZTYtOGY4OC0zNDM2M2JjN2M0YzAiOnsiY3JlYXRlIjo2MDAwMDAwMDAwMDAsImRlbGV0ZSI6MTIwMDAwMDAwMDAwMH0sInNjaGVtYV92ZXJzaW9uIjoiMSJ9",
          "dependencies": [
            "data.aws_availability_zones.available",
            "module.aws_vpc.aws_vpc.default_vpc"
          ]
        },
        {
          "index_key": 4,
          "schema_version": 1,
          "attributes": {
            "arn": "arn:aws:ec2:us-east-1:534277139277:subnet/subnet-04394e0f3a7c94a94",
            "assign_ipv6_address_on_creation": false,
            "availability_zone": "us-east-1e",
            "availability_zone_id": "use1-az3",
            "cidr_block": "192.168.54.0/24",
            "id": "subnet-04394e0f3a7c94a94",
            "ipv6_cidr_block": "",
            "ipv6_cidr_block_association_id": "",
            "map_public_ip_on_launch": true,
            "outpost_arn": "",
            "owner_id": "534277139277",
            "tags": {
              "Name": "Private_subnet_us-east-1e"
            },
            "timeouts": null,
            "vpc_id": "vpc-0a254f65fa13fded8"
          },
          "private": "eyJlMmJmYjczMC1lY2FhLTExZTYtOGY4OC0zNDM2M2JjN2M0YzAiOnsiY3JlYXRlIjo2MDAwMDAwMDAwMDAsImRlbGV0ZSI6MTIwMDAwMDAwMDAwMH0sInNjaGVtYV92ZXJzaW9uIjoiMSJ9",
          "dependencies": [
            "data.aws_availability_zones.available",
            "module.aws_vpc.aws_vpc.default_vpc"
          ]
        },
        {
          "index_key": 5,
          "schema_version": 1,
          "attributes": {
            "arn": "arn:aws:ec2:us-east-1:534277139277:subnet/subnet-0ca99492403da66fe",
            "assign_ipv6_address_on_creation": false,
            "availability_zone": "us-east-1f",
            "availability_zone_id": "use1-az5",
            "cidr_block": "192.168.55.0/24",
            "id": "subnet-0ca99492403da66fe",
            "ipv6_cidr_block": "",
            "ipv6_cidr_block_association_id": "",
            "map_public_ip_on_launch": true,
            "outpost_arn": "",
            "owner_id": "534277139277",
            "tags": {
              "Name": "Private_subnet_us-east-1f"
            },
            "timeouts": null,
            "vpc_id": "vpc-0a254f65fa13fded8"
          },
          "private": "eyJlMmJmYjczMC1lY2FhLTExZTYtOGY4OC0zNDM2M2JjN2M0YzAiOnsiY3JlYXRlIjo2MDAwMDAwMDAwMDAsImRlbGV0ZSI6MTIwMDAwMDAwMDAwMH0sInNjaGVtYV92ZXJzaW9uIjoiMSJ9",
          "dependencies": [
            "data.aws_availability_zones.available",
            "module.aws_vpc.aws_vpc.default_vpc"
          ]
        }
      ]
    },
    {
      "module": "module.aws_vpc",
      "mode": "managed",
      "type": "aws_subnet",
      "name": "public_subnet",
      "provider": "provider[\"registry.terraform.io/hashicorp/aws\"]",
      "instances": [
        {
          "index_key": 0,
          "schema_version": 1,
          "attributes": {
            "arn": "arn:aws:ec2:us-east-1:534277139277:subnet/subnet-03de1b017aa34a0b9",
            "assign_ipv6_address_on_creation": false,
            "availability_zone": "us-east-1a",
            "availability_zone_id": "use1-az1",
            "cidr_block": "192.168.1.0/24",
            "id": "subnet-03de1b017aa34a0b9",
            "ipv6_cidr_block": "",
            "ipv6_cidr_block_association_id": "",
            "map_public_ip_on_launch": true,
            "outpost_arn": "",
            "owner_id": "534277139277",
            "tags": {
              "Name": "Public_subnet_us-east-1a"
            },
            "timeouts": null,
            "vpc_id": "vpc-0a254f65fa13fded8"
          },
          "private": "eyJlMmJmYjczMC1lY2FhLTExZTYtOGY4OC0zNDM2M2JjN2M0YzAiOnsiY3JlYXRlIjo2MDAwMDAwMDAwMDAsImRlbGV0ZSI6MTIwMDAwMDAwMDAwMH0sInNjaGVtYV92ZXJzaW9uIjoiMSJ9",
          "dependencies": [
            "data.aws_availability_zones.available",
            "module.aws_vpc.aws_vpc.default_vpc"
          ]
        },
        {
          "index_key": 1,
          "schema_version": 1,
          "attributes": {
            "arn": "arn:aws:ec2:us-east-1:534277139277:subnet/subnet-08aa025651f60a210",
            "assign_ipv6_address_on_creation": false,
            "availability_zone": "us-east-1b",
            "availability_zone_id": "use1-az2",
            "cidr_block": "192.168.2.0/24",
            "id": "subnet-08aa025651f60a210",
            "ipv6_cidr_block": "",
            "ipv6_cidr_block_association_id": "",
            "map_public_ip_on_launch": true,
            "outpost_arn": "",
            "owner_id": "534277139277",
            "tags": {
              "Name": "Public_subnet_us-east-1b"
            },
            "timeouts": null,
            "vpc_id": "vpc-0a254f65fa13fded8"
          },
          "private": "eyJlMmJmYjczMC1lY2FhLTExZTYtOGY4OC0zNDM2M2JjN2M0YzAiOnsiY3JlYXRlIjo2MDAwMDAwMDAwMDAsImRlbGV0ZSI6MTIwMDAwMDAwMDAwMH0sInNjaGVtYV92ZXJzaW9uIjoiMSJ9",
          "dependencies": [
            "data.aws_availability_zones.available",
            "module.aws_vpc.aws_vpc.default_vpc"
          ]
        },
        {
          "index_key": 2,
          "schema_version": 1,
          "attributes": {
            "arn": "arn:aws:ec2:us-east-1:534277139277:subnet/subnet-0b4e50e8c38eef80b",
            "assign_ipv6_address_on_creation": false,
            "availability_zone": "us-east-1c",
            "availability_zone_id": "use1-az4",
            "cidr_block": "192.168.3.0/24",
            "id": "subnet-0b4e50e8c38eef80b",
            "ipv6_cidr_block": "",
            "ipv6_cidr_block_association_id": "",
            "map_public_ip_on_launch": true,
            "outpost_arn": "",
            "owner_id": "534277139277",
            "tags": {
              "Name": "Public_subnet_us-east-1c"
            },
            "timeouts": null,
            "vpc_id": "vpc-0a254f65fa13fded8"
          },
          "private": "eyJlMmJmYjczMC1lY2FhLTExZTYtOGY4OC0zNDM2M2JjN2M0YzAiOnsiY3JlYXRlIjo2MDAwMDAwMDAwMDAsImRlbGV0ZSI6MTIwMDAwMDAwMDAwMH0sInNjaGVtYV92ZXJzaW9uIjoiMSJ9",
          "dependencies": [
            "data.aws_availability_zones.available",
            "module.aws_vpc.aws_vpc.default_vpc"
          ]
        },
        {
          "index_key": 3,
          "schema_version": 1,
          "attributes": {
            "arn": "arn:aws:ec2:us-east-1:534277139277:subnet/subnet-02849d9fab0a35b29",
            "assign_ipv6_address_on_creation": false,
            "availability_zone": "us-east-1d",
            "availability_zone_id": "use1-az6",
            "cidr_block": "192.168.4.0/24",
            "id": "subnet-02849d9fab0a35b29",
            "ipv6_cidr_block": "",
            "ipv6_cidr_block_association_id": "",
            "map_public_ip_on_launch": true,
            "outpost_arn": "",
            "owner_id": "534277139277",
            "tags": {
              "Name": "Public_subnet_us-east-1d"
            },
            "timeouts": null,
            "vpc_id": "vpc-0a254f65fa13fded8"
          },
          "private": "eyJlMmJmYjczMC1lY2FhLTExZTYtOGY4OC0zNDM2M2JjN2M0YzAiOnsiY3JlYXRlIjo2MDAwMDAwMDAwMDAsImRlbGV0ZSI6MTIwMDAwMDAwMDAwMH0sInNjaGVtYV92ZXJzaW9uIjoiMSJ9",
          "dependencies": [
            "data.aws_availability_zones.available",
            "module.aws_vpc.aws_vpc.default_vpc"
          ]
        },
        {
          "index_key": 4,
          "schema_version": 1,
          "attributes": {
            "arn": "arn:aws:ec2:us-east-1:534277139277:subnet/subnet-0ee038f48f5087395",
            "assign_ipv6_address_on_creation": false,
            "availability_zone": "us-east-1e",
            "availability_zone_id": "use1-az3",
            "cidr_block": "192.168.5.0/24",
            "id": "subnet-0ee038f48f5087395",
            "ipv6_cidr_block": "",
            "ipv6_cidr_block_association_id": "",
            "map_public_ip_on_launch": true,
            "outpost_arn": "",
            "owner_id": "534277139277",
            "tags": {
              "Name": "Public_subnet_us-east-1e"
            },
            "timeouts": null,
            "vpc_id": "vpc-0a254f65fa13fded8"
          },
          "private": "eyJlMmJmYjczMC1lY2FhLTExZTYtOGY4OC0zNDM2M2JjN2M0YzAiOnsiY3JlYXRlIjo2MDAwMDAwMDAwMDAsImRlbGV0ZSI6MTIwMDAwMDAwMDAwMH0sInNjaGVtYV92ZXJzaW9uIjoiMSJ9",
          "dependencies": [
            "data.aws_availability_zones.available",
            "module.aws_vpc.aws_vpc.default_vpc"
          ]
        },
        {
          "index_key": 5,
          "schema_version": 1,
          "attributes": {
            "arn": "arn:aws:ec2:us-east-1:534277139277:subnet/subnet-018fbfd943505faed",
            "assign_ipv6_address_on_creation": false,
            "availability_zone": "us-east-1f",
            "availability_zone_id": "use1-az5",
            "cidr_block": "192.168.6.0/24",
            "id": "subnet-018fbfd943505faed",
            "ipv6_cidr_block": "",
            "ipv6_cidr_block_association_id": "",
            "map_public_ip_on_launch": true,
            "outpost_arn": "",
            "owner_id": "534277139277",
            "tags": {
              "Name": "Public_subnet_us-east-1f"
            },
            "timeouts": null,
            "vpc_id": "vpc-0a254f65fa13fded8"
          },
          "private": "eyJlMmJmYjczMC1lY2FhLTExZTYtOGY4OC0zNDM2M2JjN2M0YzAiOnsiY3JlYXRlIjo2MDAwMDAwMDAwMDAsImRlbGV0ZSI6MTIwMDAwMDAwMDAwMH0sInNjaGVtYV92ZXJzaW9uIjoiMSJ9",
          "dependencies": [
            "data.aws_availability_zones.available",
            "module.aws_vpc.aws_vpc.default_vpc"
          ]
        }
      ]
    },
    {
      "module": "module.aws_vpc",
      "mode": "managed",
      "type": "aws_vpc",
      "name": "default_vpc",
      "provider": "provider[\"registry.terraform.io/hashicorp/aws\"]",
      "instances": [
        {
          "schema_version": 1,
          "attributes": {
            "arn": "arn:aws:ec2:us-east-1:534277139277:vpc/vpc-0a254f65fa13fded8",
            "assign_generated_ipv6_cidr_block": false,
            "cidr_block": "192.168.0.0/16",
            "default_network_acl_id": "acl-02559505562fcea93",
            "default_route_table_id": "rtb-02885772c11c0478b",
            "default_security_group_id": "sg-045916cdf51e4ca39",
            "dhcp_options_id": "dopt-4d4b3537",
            "enable_classiclink": false,
            "enable_classiclink_dns_support": false,
            "enable_dns_hostnames": true,
            "enable_dns_support": true,
            "id": "vpc-0a254f65fa13fded8",
            "instance_tenancy": "default",
            "ipv6_association_id": "",
            "ipv6_cidr_block": "",
            "main_route_table_id": "rtb-02885772c11c0478b",
            "owner_id": "534277139277",
            "tags": {
              "Name": "aws_micor_vpc"
            }
          },
          "private": "eyJzY2hlbWFfdmVyc2lvbiI6IjEifQ=="
        }
      ]
    },
    {
      "module": "module.log_bucket",
      "mode": "managed",
      "type": "aws_s3_bucket",
      "name": "default",
      "provider": "provider[\"registry.terraform.io/hashicorp/aws\"]",
      "instances": [
        {
          "schema_version": 0,
          "attributes": {
            "acceleration_status": "",
            "acl": "private",
            "arn": "arn:aws:s3:::kushal-bucket-example2-bucket",
            "bucket": "kushal-bucket-example2-bucket",
            "bucket_domain_name": "kushal-bucket-example2-bucket.s3.amazonaws.com",
            "bucket_prefix": null,
            "bucket_regional_domain_name": "kushal-bucket-example2-bucket.s3.amazonaws.com",
            "cors_rule": [],
            "force_destroy": false,
            "grant": [],
            "hosted_zone_id": "Z3AQBSTGFYJSTF",
            "id": "kushal-bucket-example2-bucket",
            "lifecycle_rule": [],
            "logging": [],
            "object_lock_configuration": [],
            "policy": null,
            "region": "us-east-1",
            "replication_configuration": [],
            "request_payer": "BucketOwner",
            "server_side_encryption_configuration": [],
            "tags": {
              "Enviornment": "ENV",
              "Name": "kushal-bucket-example2-bucket"
            },
            "versioning": [
              {
                "enabled": true,
                "mfa_delete": false
              }
            ],
            "website": [],
            "website_domain": null,
            "website_endpoint": null
          },
          "private": "bnVsbA=="
        }
      ]
    },
    {
      "module": "module.s3_bucket_example",
      "mode": "managed",
      "type": "aws_s3_bucket",
      "name": "default",
      "provider": "provider[\"registry.terraform.io/hashicorp/aws\"]",
      "instances": [
        {
          "schema_version": 0,
          "attributes": {
            "acceleration_status": "",
            "acl": "public-read",
            "arn": "arn:aws:s3:::kushal-bucket-example1-bucket",
            "bucket": "kushal-bucket-example1-bucket",
            "bucket_domain_name": "kushal-bucket-example1-bucket.s3.amazonaws.com",
            "bucket_prefix": null,
            "bucket_regional_domain_name": "kushal-bucket-example1-bucket.s3.amazonaws.com",
            "cors_rule": [],
            "force_destroy": false,
            "grant": [],
            "hosted_zone_id": "Z3AQBSTGFYJSTF",
            "id": "kushal-bucket-example1-bucket",
            "lifecycle_rule": [],
            "logging": [],
            "object_lock_configuration": [],
            "policy": null,
            "region": "us-east-1",
            "replication_configuration": [],
            "request_payer": "BucketOwner",
            "server_side_encryption_configuration": [],
            "tags": {
              "Enviornment": "DEV",
              "Name": "kushal-bucket-example1-bucket"
            },
            "versioning": [
              {
                "enabled": true,
                "mfa_delete": false
              }
            ],
            "website": [],
            "website_domain": null,
            "website_endpoint": null
          },
          "private": "bnVsbA=="
        }
      ]
    },
    {
      "module": "module.vpc_s3_endpoint",
      "mode": "managed",
      "type": "aws_vpc_endpoint",
      "name": "s3",
      "provider": "provider[\"registry.terraform.io/hashicorp/aws\"]",
      "instances": [
        {
          "schema_version": 0,
          "attributes": {
            "arn": "arn:aws:ec2:us-east-1:534277139277:vpc-endpoint/vpce-024d2726ac31be7c7",
            "auto_accept": null,
            "cidr_blocks": [
              "54.231.0.0/17",
              "52.216.0.0/15",
              "3.5.0.0/18"
            ],
            "dns_entry": [],
            "id": "vpce-024d2726ac31be7c7",
            "network_interface_ids": [],
            "owner_id": "534277139277",
            "policy": "{\"Statement\":[{\"Action\":\"*\",\"Effect\":\"Allow\",\"Principal\":\"*\",\"Resource\":\"*\"}],\"Version\":\"2008-10-17\"}",
            "prefix_list_id": "pl-63a5400a",
            "private_dns_enabled": false,
            "requester_managed": false,
            "route_table_ids": [],
            "security_group_ids": [],
            "service_name": "com.amazonaws.us-east-1.s3",
            "state": "available",
            "subnet_ids": [],
            "tags": {
              "Environment": "PROD"
            },
            "timeouts": null,
            "vpc_endpoint_type": "Gateway",
            "vpc_id": "vpc-0a254f65fa13fded8"
          },
          "private": "eyJlMmJmYjczMC1lY2FhLTExZTYtOGY4OC0zNDM2M2JjN2M0YzAiOnsiY3JlYXRlIjo2MDAwMDAwMDAwMDAsImRlbGV0ZSI6NjAwMDAwMDAwMDAwLCJ1cGRhdGUiOjYwMDAwMDAwMDAwMH19",
          "dependencies": [
            "module.aws_vpc.aws_vpc.default_vpc"
          ]
        }
      ]
    }
  ]
}
